
Microsoft Visual Studio Solution File, Format Version 12.00
# Visual Studio Version 16
VisualStudioVersion = 16.0.32929.386
MinimumVisualStudioVersion = 10.0.40219.1
Project("{FAE04EC0-301F-11D3-BF4B-00C04F79EFBC}") = "PatternObserver", "PatternObserver.csproj", "{A6D75319-9738-45DE-8919-75FF75DD67A8}"
EndProject
Global
	GlobalSection(SolutionConfigurationPlatforms) = preSolution
		Debug|Any CPU = Debug|Any CPU
		Release|Any CPU = Release|Any CPU
	EndGlobalSection
	GlobalSection(ProjectConfigurationPlatforms) = postSolution
		{A6D75319-9738-45DE-8919-75FF75DD67A8}.Debug|Any CPU.ActiveCfg = Debug|Any CPU
		{A6D75319-9738-45DE-8919-75FF75DD67A8}.Debug|Any CPU.Build.0 = Debug|Any CPU
		{A6D75319-9738-45DE-8919-75FF75DD67A8}.Release|Any CPU.ActiveCfg = Release|Any CPU
		{A6D75319-9738-45DE-8919-75FF75DD67A8}.Release|Any CPU.Build.0 = Release|Any CPU
	EndGlobalSection
	GlobalSection(SolutionProperties) = preSolution
		HideSolutionNode = FALSE
	EndGlobalSection
	GlobalSection(ExtensibilityGlobals) = postSolution
		SolutionGuid = {7127DAE1-7B84-4841-A77A-346EA4B58409}
	EndGlobalSection
EndGlobal
